// !$*UTF8*$!
{
	archiveVersion = 1;
	classes = {
	};
	objectVersion = 46;
	objects = {

/* Begin PBXBuildFile section */
		44F62FC31CBCF16500AA46AB /* AppDelegate.swift in Sources */ = {isa = PBXBuildFile; fileRef = 44F62FC21CBCF16500AA46AB /* AppDelegate.swift */; };
		44F62FC51CBCF16500AA46AB /* ViewController.swift in Sources */ = {isa = PBXBuildFile; fileRef = 44F62FC41CBCF16500AA46AB /* ViewController.swift */; };
		44F62FC81CBCF16500AA46AB /* Main.storyboard in Resources */ = {isa = PBXBuildFile; fileRef = 44F62FC61CBCF16500AA46AB /* Main.storyboard */; };
		44F62FCA1CBCF16500AA46AB /* Assets.xcassets in Resources */ = {isa = PBXBuildFile; fileRef = 44F62FC91CBCF16500AA46AB /* Assets.xcassets */; };
		44F62FCD1CBCF16500AA46AB /* LaunchScreen.storyboard in Resources */ = {isa = PBXBuildFile; fileRef = 44F62FCB1CBCF16500AA46AB /* LaunchScreen.storyboard */; };
/* End PBXBuildFile section */

/* Begin PBXFileReference section */
		44F62FBF1CBCF16500AA46AB /* test-app.app */ = {isa = PBXFileReference; explicitFileType = wrapper.application; includeInIndex = 0; path = "test-app.app"; sourceTree = BUILT_PRODUCTS_DIR; };
		44F62FC21CBCF16500AA46AB /* AppDelegate.swift */ = {isa = PBXFileReference; lastKnownFileType = sourcecode.swift; path = AppDelegate.swift; sourceTree = "<group>"; };
		44F62FC41CBCF16500AA46AB /* ViewController.swift */ = {isa = PBXFileReference; lastKnownFileType = sourcecode.swift; path = ViewController.swift; sourceTree = "<group>"; };
		44F62FC71CBCF16500AA46AB /* Base */ = {isa = PBXFileReference; lastKnownFileType = file.storyboard; name = Base; path = Base.lproj/Main.storyboard; sourceTree = "<group>"; };
		44F62FC91CBCF16500AA46AB /* Assets.xcassets */ = {isa = PBXFileReference; lastKnownFileType = folder.assetcatalog; path = Assets.xcassets; sourceTree = "<group>"; };
		44F62FCC1CBCF16500AA46AB /* Base */ = {isa = PBXFileReference; lastKnownFileType = file.storyboard; name = Base; path = Base.lproj/LaunchScreen.storyboard; sourceTree = "<group>"; };
		44F62FCE1CBCF16500AA46AB /* Info.plist */ = {isa = PBXFileReference; lastKnownFileType = text.plist.xml; path = Info.plist; sourceTree = "<group>"; };
/* End PBXFileReference section */

/* Begin PBXFrameworksBuildPhase section */
		44F62FBC1CBCF16500AA46AB /* Frameworks */ = {
			isa = PBXFrameworksBuildPhase;
			buildActionMask = 2147483647;
			files = (
			);
			runOnlyForDeploymentPostprocessing = 0;
		};
/* End PBXFrameworksBuildPhase section */

/* Begin PBXGroup section */
		44F62FB61CBCF16500AA46AB = {
			isa = PBXGroup;
			children = (
				44F62FC11CBCF16500AA46AB /* test-app */,
				44F62FC01CBCF16500AA46AB /* Products */,
			);
			sourceTree = "<group>";
		};
		44F62FC01CBCF16500AA46AB /* Products */ = {
			isa = PBXGroup;
			children = (
				44F62FBF1CBCF16500AA46AB /* test-app.app */,
			);
			name = Products;
			sourceTree = "<group>";
		};
		44F62FC11CBCF16500AA46AB /* test-app */ = {
			isa = PBXGroup;
			children = (
				44F62FC21CBCF16500AA46AB /* AppDelegate.swift */,
				44F62FC41CBCF16500AA46AB /* ViewController.swift */,
				44F62FC61CBCF16500AA46AB /* Main.storyboard */,
				44F62FC91CBCF16500AA46AB /* Assets.xcassets */,
				44F62FCB1CBCF16500AA46AB /* LaunchScreen.storyboard */,
				44F62FCE1CBCF16500AA46AB /* Info.plist */,
			);
			path = "test-app";
			sourceTree = "<group>";
		};
/* End PBXGroup section */

/* Begin PBXNativeTarget section */
		44F62FBE1CBCF16500AA46AB /* test-app */ = {
			isa = PBXNativeTarget;
			buildConfigurationList = 44F62FD11CBCF16500AA46AB /* Build configuration list for PBXNativeTarget "test-app" */;
			buildPhases = (
				44F62FBB1CBCF16500AA46AB /* Sources */,
				44F62FBC1CBCF16500AA46AB /* Frameworks */,
				44F62FBD1CBCF16500AA46AB /* Resources */,
			);
			buildRules = (
			);
			dependencies = (
			);
			name = "test-app";
			productName = "test-app";
			productReference = 44F62FBF1CBCF16500AA46AB /* test-app.app */;
			productType = "com.apple.product-type.application";
		};
/* End PBXNativeTarget section */

/* Begin PBXProject section */
		44F62FB71CBCF16500AA46AB /* Project object */ = {
			isa = PBXProject;
			attributes = {
				LastSwiftUpdateCheck = 0720;
				LastUpgradeCheck = 0720;
				ORGANIZATIONNAME = "Craig Weston";
				TargetAttributes = {
					44F62FBE1CBCF16500AA46AB = {
						CreatedOnToolsVersion = 7.2.1;
					};
				};
			};
			buildConfigurationList = 44F62FBA1CBCF16500AA46AB /* Build configuration list for PBXProject "test-app" */;
			compatibilityVersion = "Xcode 3.2";
			developmentRegion = English;
			hasScannedForEncodings = 0;
			knownRegions = (
				en,
				Base,
			);
			mainGroup = 44F62FB61CBCF16500AA46AB;
			productRefGroup = 44F62FC01CBCF16500AA46AB /* Products */;
			projectDirPath = "";
			projectRoot = "";
			targets = (
				44F62FBE1CBCF16500AA46AB /* test-app */,
			);
		};
/* End PBXProject section */

/* Begin PBXResourcesBuildPhase section */
		44F62FBD1CBCF16500AA46AB /* Resources */ = {
			isa = PBXResourcesBuildPhase;
			buildActionMask = 2147483647;
			files = (
				44F62FCD1CBCF16500AA46AB /* LaunchScreen.storyboard in Resources */,
				44F62FCA1CBCF16500AA46AB /* Assets.xcassets in Resources */,
				44F62FC81CBCF16500AA46AB /* Main.storyboard in Resources */,
			);
			runOnlyForDeploymentPostprocessing = 0;
		};
/* End PBXResourcesBuildPhase section */

/* Begin PBXSourcesBuildPhase section */
		44F62FBB1CBCF16500AA46AB /* Sources */ = {
			isa = PBXSourcesBuildPhase;
			buildActionMask = 2147483647;
			files = (
				44F62FC51CBCF16500AA46AB /* ViewController.swift in Sources */,
				44F62FC31CBCF16500AA46AB /* AppDelegate.swift in Sources */,
			);
			runOnlyForDeploymentPostprocessing = 0;
		};
/* End PBXSourcesBuildPhase section */

/* Begin PBXVariantGroup section */
		44F62FC61CBCF16500AA46AB /* Main.storyboard */ = {
			isa = PBXVariantGroup;
			children = (
				44F62FC71CBCF16500AA46AB /* Base */,
			);
			name = Main.storyboard;
			sourceTree = "<group>";
		};
		44F62FCB1CBCF16500AA46AB /* LaunchScreen.storyboard */ = {
			isa = PBXVariantGroup;
			children = (
				44F62FCC1CBCF16500AA46AB /* Base */,
			);
			name = LaunchScreen.storyboard;
			sourceTree = "<group>";
		};
/* End PBXVariantGroup section */

/* Begin XCBuildConfiguration section */
		44F62FCF1CBCF16500AA46AB /* Debug */ = {
			isa = XCBuildConfiguration;
			buildSettings = {
				ALWAYS_SEARCH_USER_PATHS = NO;
				CLANG_CXX_LANGUAGE_STANDARD = "gnu++0x";
				CLANG_CXX_LIBRARY = "libc++";
				CLANG_ENABLE_MODULES = YES;
				CLANG_ENABLE_OBJC_ARC = YES;
				CLANG_WARN_BOOL_CONVERSION = YES;
				CLANG_WARN_CONSTANT_CONVERSION = YES;
				CLANG_WARN_DIRECT_OBJC_ISA_USAGE = YES_ERROR;
				CLANG_WARN_EMPTY_BODY = YES;
				CLANG_WARN_ENUM_CONVERSION = YES;
				CLANG_WARN_INT_CONVERSION = YES;
				CLANG_WARN_OBJC_ROOT_CLASS = YES_ERROR;
				CLANG_WARN_UNREACHABLE_CODE = YES;
				CLANG_WARN__DUPLICATE_METHOD_MATCH = YES;
				"CODE_SIGN_IDENTITY[sdk=iphoneos*]" = "iPhone Developer";
				COPY_PHASE_STRIP = NO;
				DEBUG_INFORMATION_FORMAT = dwarf;
				ENABLE_STRICT_OBJC_MSGSEND = YES;
				ENABLE_TESTABILITY = YES;
				GCC_C_LANGUAGE_STANDARD = gnu99;
				GCC_DYNAMIC_NO_PIC = NO;
				GCC_NO_COMMON_BLOCKS = YES;
				GCC_OPTIMIZATION_LEVEL = 0;
				GCC_PREPROCESSOR_DEFINITIONS = (
					"DEBUG=1",
					"$(inherited)",
				);
				GCC_WARN_64_TO_32_BIT_CONVERSION = YES;
				GCC_WARN_ABOUT_RETURN_TYPE = YES_ERROR;
				GCC_WARN_UNDECLARED_SELECTOR = YES;
				GCC_WARN_UNINITIALIZED_AUTOS = YES_AGGRESSIVE;
				GCC_WARN_UNUSED_FUNCTION = YES;
				GCC_WARN_UNUSED_VARIABLE = YES;
				IPHONEOS_DEPLOYMENT_TARGET = 9.2;
				MTL_ENABLE_DEBUG_INFO = YES;
				ONLY_ACTIVE_ARCH = YES;
				SDKROOT = iphoneos;
				SWIFT_OPTIMIZATION_LEVEL = "-Onone";
			};
			name = Debug;
		};
		44F62FD01CBCF16500AA46AB /* Release */ = {
			isa = XCBuildConfiguration;
			buildSettings = {
				ALWAYS_SEARCH_USER_PATHS = NO;
				CLANG_CXX_LANGUAGE_STANDARD = "gnu++0x";
				CLANG_CXX_LIBRARY = "libc++";
				CLANG_ENABLE_MODULES = YES;
				CLANG_ENABLE_OBJC_ARC = YES;
				CLANG_WARN_BOOL_CONVERSION = YES;
				CLANG_WARN_CONSTANT_CONVERSION = YES;
				CLANG_WARN_DIRECT_OBJC_ISA_USAGE = YES_ERROR;
				CLANG_WARN_EMPTY_BODY = YES;
				CLANG_WARN_ENUM_CONVERSION = YES;
				CLANG_WARN_INT_CONVERSION = YES;
				CLANG_WARN_OBJC_ROOT_CLASS = YES_ERROR;
				CLANG_WARN_UNREACHABLE_CODE = YES;
				CLANG_WARN__DUPLICATE_METHOD_MATCH = YES;
				"CODE_SIGN_IDENTITY[sdk=iphoneos*]" = "iPhone Developer";
				COPY_PHASE_STRIP = NO;
				DEBUG_INFORMATION_FORMAT = "dwarf-with-dsym";
				ENABLE_NS_ASSERTIONS = NO;
				ENABLE_STRICT_OBJC_MSGSEND = YES;
				GCC_C_LANGUAGE_STANDARD = gnu99;
				GCC_NO_COMMON_BLOCKS = YES;
				GCC_WARN_64_TO_32_BIT_CONVERSION = YES;
				GCC_WARN_ABOUT_RETURN_TYPE = YES_ERROR;
				GCC_WARN_UNDECLARED_SELECTOR = YES;
				GCC_WARN_UNINITIALIZED_AUTOS = YES_AGGRESSIVE;
				GCC_WARN_UNUSED_FUNCTION = YES;
				GCC_WARN_UNUSED_VARIABLE = YES;
				IPHONEOS_DEPLOYMENT_TARGET = 9.2;
				MTL_ENABLE_DEBUG_INFO = NO;
				SDKROOT = iphoneos;
				VALIDATE_PRODUCT = YES;
			};
			name = Release;
		};
		44F62FD21CBCF16500AA46AB /* Debug */ = {
			isa = XCBuildConfiguration;
			buildSettings = {
				ASSETCATALOG_COMPILER_APPICON_NAME = AppIcon;
				INFOPLIST_FILE = "test-app/Info.plist";
				LD_RUNPATH_SEARCH_PATHS = "$(inherited) @executable_path/Frameworks";
				PRODUCT_BUNDLE_IDENTIFIER = "co.uk.craigweston.test-app";
				PRODUCT_NAME = "$(TARGET_NAME)";
			};
			name = Debug;
		};
		44F62FD31CBCF16500AA46AB /* Release */ = {
			isa = XCBuildConfiguration;
			buildSettings = {
				ASSETCATALOG_COMPILER_APPICON_NAME = AppIcon;
				INFOPLIST_FILE = "test-app/Info.plist";
				LD_RUNPATH_SEARCH_PATHS = "$(inherited) @executable_path/Frameworks";
				PRODUCT_BUNDLE_IDENTIFIER = "co.uk.craigweston.test-app";
				PRODUCT_NAME = "$(TARGET_NAME)";
			};
			name = Release;
		};
/* End XCBuildConfiguration section */

/* Begin XCConfigurationList section */
		44F62FBA1CBCF16500AA46AB /* Build configuration list for PBXProject "test-app" */ = {
			isa = XCConfigurationList;
			buildConfigurations = (
				44F62FCF1CBCF16500AA46AB /* Debug */,
				44F62FD01CBCF16500AA46AB /* Release */,
			);
			defaultConfigurationIsVisible = 0;
			defaultConfigurationName = Release;
		};
		44F62FD11CBCF16500AA46AB /* Build configuration list for PBXNativeTarget "test-app" */ = {
			isa = XCConfigurationList;
			buildConfigurations = (
				44F62FD21CBCF16500AA46AB /* Debug */,
				44F62FD31CBCF16500AA46AB /* Release */,
			);
			defaultConfigurationIsVisible = 0;
		};
/* End XCConfigurationList section */
	};
	rootObject = 44F62FB71CBCF16500AA46AB /* Project object */;
}
